// !$*UTF8*$!
{
	archiveVersion = 1;
	classes = {
	};
	objectVersion = 56;
	objects = {

/* Begin PBXBuildFile section */
		9CC261792CB6D4A600C8A763 /* BankingAppApp.swift in Sources */ = {isa = PBXBuildFile; fileRef = 9CC261782CB6D4A600C8A763 /* BankingAppApp.swift */; };
		9CC2617B2CB6D4A600C8A763 /* ContentView.swift in Sources */ = {isa = PBXBuildFile; fileRef = 9CC2617A2CB6D4A600C8A763 /* ContentView.swift */; };
		9CC2617D2CB6D4A800C8A763 /* Assets.xcassets in Resources */ = {isa = PBXBuildFile; fileRef = 9CC2617C2CB6D4A800C8A763 /* Assets.xcassets */; };
		9CC261802CB6D4A800C8A763 /* Preview Assets.xcassets in Resources */ = {isa = PBXBuildFile; fileRef = 9CC2617F2CB6D4A800C8A763 /* Preview Assets.xcassets */; };
		9CC2618A2CB6D4A800C8A763 /* BankingAppTests.swift in Sources */ = {isa = PBXBuildFile; fileRef = 9CC261892CB6D4A800C8A763 /* BankingAppTests.swift */; };
		9CC261942CB6D4A800C8A763 /* BankingAppUITests.swift in Sources */ = {isa = PBXBuildFile; fileRef = 9CC261932CB6D4A800C8A763 /* BankingAppUITests.swift */; };
		9CC261962CB6D4A800C8A763 /* BankingAppUITestsLaunchTests.swift in Sources */ = {isa = PBXBuildFile; fileRef = 9CC261952CB6D4A800C8A763 /* BankingAppUITestsLaunchTests.swift */; };
		9CC261A52CB6D51100C8A763 /* View+Extensions.swift in Sources */ = {isa = PBXBuildFile; fileRef = 9CC261A42CB6D51100C8A763 /* View+Extensions.swift */; };
		9CC261A72CB6D58D00C8A763 /* URL+Extensions.swift in Sources */ = {isa = PBXBuildFile; fileRef = 9CC261A62CB6D58D00C8A763 /* URL+Extensions.swift */; };
		9CC261A92CB6D61400C8A763 /* Double+Extensions.swift in Sources */ = {isa = PBXBuildFile; fileRef = 9CC261A82CB6D61400C8A763 /* Double+Extensions.swift */; };
		9CC261AF2CB8201000C8A763 /* Account.swift in Sources */ = {isa = PBXBuildFile; fileRef = 9CC261AE2CB8201000C8A763 /* Account.swift */; };
		9CC261B12CB8213600C8A763 /* AccountService.swift in Sources */ = {isa = PBXBuildFile; fileRef = 9CC261B02CB8213600C8A763 /* AccountService.swift */; };
		9CC261B32CB8238B00C8A763 /* AccountSummaryViewModel.swift in Sources */ = {isa = PBXBuildFile; fileRef = 9CC261B22CB8238B00C8A763 /* AccountSummaryViewModel.swift */; };
/* End PBXBuildFile section */

/* Begin PBXContainerItemProxy section */
		9CC261862CB6D4A800C8A763 /* PBXContainerItemProxy */ = {
			isa = PBXContainerItemProxy;
			containerPortal = 9CC2616D2CB6D4A600C8A763 /* Project object */;
			proxyType = 1;
			remoteGlobalIDString = 9CC261742CB6D4A600C8A763;
			remoteInfo = BankingApp;
		};
		9CC261902CB6D4A800C8A763 /* PBXContainerItemProxy */ = {
			isa = PBXContainerItemProxy;
			containerPortal = 9CC2616D2CB6D4A600C8A763 /* Project object */;
			proxyType = 1;
			remoteGlobalIDString = 9CC261742CB6D4A600C8A763;
			remoteInfo = BankingApp;
		};
/* End PBXContainerItemProxy section */

/* Begin PBXFileReference section */
		9CC261752CB6D4A600C8A763 /* BankingApp.app */ = {isa = PBXFileReference; explicitFileType = wrapper.application; includeInIndex = 0; path = BankingApp.app; sourceTree = BUILT_PRODUCTS_DIR; };
		9CC261782CB6D4A600C8A763 /* BankingAppApp.swift */ = {isa = PBXFileReference; lastKnownFileType = sourcecode.swift; path = BankingAppApp.swift; sourceTree = "<group>"; };
		9CC2617A2CB6D4A600C8A763 /* ContentView.swift */ = {isa = PBXFileReference; lastKnownFileType = sourcecode.swift; path = ContentView.swift; sourceTree = "<group>"; };
		9CC2617C2CB6D4A800C8A763 /* Assets.xcassets */ = {isa = PBXFileReference; lastKnownFileType = folder.assetcatalog; path = Assets.xcassets; sourceTree = "<group>"; };
		9CC2617F2CB6D4A800C8A763 /* Preview Assets.xcassets */ = {isa = PBXFileReference; lastKnownFileType = folder.assetcatalog; path = "Preview Assets.xcassets"; sourceTree = "<group>"; };
		9CC261852CB6D4A800C8A763 /* BankingAppTests.xctest */ = {isa = PBXFileReference; explicitFileType = wrapper.cfbundle; includeInIndex = 0; path = BankingAppTests.xctest; sourceTree = BUILT_PRODUCTS_DIR; };
		9CC261892CB6D4A800C8A763 /* BankingAppTests.swift */ = {isa = PBXFileReference; lastKnownFileType = sourcecode.swift; path = BankingAppTests.swift; sourceTree = "<group>"; };
		9CC2618F2CB6D4A800C8A763 /* BankingAppUITests.xctest */ = {isa = PBXFileReference; explicitFileType = wrapper.cfbundle; includeInIndex = 0; path = BankingAppUITests.xctest; sourceTree = BUILT_PRODUCTS_DIR; };
		9CC261932CB6D4A800C8A763 /* BankingAppUITests.swift */ = {isa = PBXFileReference; lastKnownFileType = sourcecode.swift; path = BankingAppUITests.swift; sourceTree = "<group>"; };
		9CC261952CB6D4A800C8A763 /* BankingAppUITestsLaunchTests.swift */ = {isa = PBXFileReference; lastKnownFileType = sourcecode.swift; path = BankingAppUITestsLaunchTests.swift; sourceTree = "<group>"; };
		9CC261A42CB6D51100C8A763 /* View+Extensions.swift */ = {isa = PBXFileReference; lastKnownFileType = sourcecode.swift; path = "View+Extensions.swift"; sourceTree = "<group>"; };
		9CC261A62CB6D58D00C8A763 /* URL+Extensions.swift */ = {isa = PBXFileReference; lastKnownFileType = sourcecode.swift; path = "URL+Extensions.swift"; sourceTree = "<group>"; };
		9CC261A82CB6D61400C8A763 /* Double+Extensions.swift */ = {isa = PBXFileReference; lastKnownFileType = sourcecode.swift; path = "Double+Extensions.swift"; sourceTree = "<group>"; };
		9CC261AE2CB8201000C8A763 /* Account.swift */ = {isa = PBXFileReference; lastKnownFileType = sourcecode.swift; path = Account.swift; sourceTree = "<group>"; };
		9CC261B02CB8213600C8A763 /* AccountService.swift */ = {isa = PBXFileReference; lastKnownFileType = sourcecode.swift; path = AccountService.swift; sourceTree = "<group>"; };
		9CC261B22CB8238B00C8A763 /* AccountSummaryViewModel.swift */ = {isa = PBXFileReference; lastKnownFileType = sourcecode.swift; path = AccountSummaryViewModel.swift; sourceTree = "<group>"; };
/* End PBXFileReference section */

/* Begin PBXFrameworksBuildPhase section */
		9CC261722CB6D4A600C8A763 /* Frameworks */ = {
			isa = PBXFrameworksBuildPhase;
			buildActionMask = 2147483647;
			files = (
			);
			runOnlyForDeploymentPostprocessing = 0;
		};
		9CC261822CB6D4A800C8A763 /* Frameworks */ = {
			isa = PBXFrameworksBuildPhase;
			buildActionMask = 2147483647;
			files = (
			);
			runOnlyForDeploymentPostprocessing = 0;
		};
		9CC2618C2CB6D4A800C8A763 /* Frameworks */ = {
			isa = PBXFrameworksBuildPhase;
			buildActionMask = 2147483647;
			files = (
			);
			runOnlyForDeploymentPostprocessing = 0;
		};
/* End PBXFrameworksBuildPhase section */

/* Begin PBXGroup section */
		9CC2616C2CB6D4A600C8A763 = {
			isa = PBXGroup;
			children = (
				9CC261772CB6D4A600C8A763 /* BankingApp */,
				9CC261882CB6D4A800C8A763 /* BankingAppTests */,
				9CC261922CB6D4A800C8A763 /* BankingAppUITests */,
				9CC261762CB6D4A600C8A763 /* Products */,
			);
			sourceTree = "<group>";
		};
		9CC261762CB6D4A600C8A763 /* Products */ = {
			isa = PBXGroup;
			children = (
				9CC261752CB6D4A600C8A763 /* BankingApp.app */,
				9CC261852CB6D4A800C8A763 /* BankingAppTests.xctest */,
				9CC2618F2CB6D4A800C8A763 /* BankingAppUITests.xctest */,
			);
			name = Products;
			sourceTree = "<group>";
		};
		9CC261772CB6D4A600C8A763 /* BankingApp */ = {
			isa = PBXGroup;
			children = (
				9CC261AA2CB6D6F400C8A763 /* Models */,
				9CC261AC2CB6D70800C8A763 /* Views */,
				9CC261AB2CB6D70200C8A763 /* Screens */,
				9CC261A32CB6D4EF00C8A763 /* ViewModels */,
				9CC261A22CB6D4DD00C8A763 /* Extensions */,
				9CC261AD2CB6D72100C8A763 /* Services */,
				9CC261782CB6D4A600C8A763 /* BankingAppApp.swift */,
				9CC2617A2CB6D4A600C8A763 /* ContentView.swift */,
				9CC2617C2CB6D4A800C8A763 /* Assets.xcassets */,
				9CC2617E2CB6D4A800C8A763 /* Preview Content */,
			);
			path = BankingApp;
			sourceTree = "<group>";
		};
		9CC2617E2CB6D4A800C8A763 /* Preview Content */ = {
			isa = PBXGroup;
			children = (
				9CC2617F2CB6D4A800C8A763 /* Preview Assets.xcassets */,
			);
			path = "Preview Content";
			sourceTree = "<group>";
		};
		9CC261882CB6D4A800C8A763 /* BankingAppTests */ = {
			isa = PBXGroup;
			children = (
				9CC261892CB6D4A800C8A763 /* BankingAppTests.swift */,
			);
			path = BankingAppTests;
			sourceTree = "<group>";
		};
		9CC261922CB6D4A800C8A763 /* BankingAppUITests */ = {
			isa = PBXGroup;
			children = (
				9CC261932CB6D4A800C8A763 /* BankingAppUITests.swift */,
				9CC261952CB6D4A800C8A763 /* BankingAppUITestsLaunchTests.swift */,
			);
			path = BankingAppUITests;
			sourceTree = "<group>";
		};
		9CC261A22CB6D4DD00C8A763 /* Extensions */ = {
			isa = PBXGroup;
			children = (
				9CC261A42CB6D51100C8A763 /* View+Extensions.swift */,
				9CC261A62CB6D58D00C8A763 /* URL+Extensions.swift */,
				9CC261A82CB6D61400C8A763 /* Double+Extensions.swift */,
			);
			path = Extensions;
			sourceTree = "<group>";
		};
		9CC261A32CB6D4EF00C8A763 /* ViewModels */ = {
			isa = PBXGroup;
			children = (
				9CC261B22CB8238B00C8A763 /* AccountSummaryViewModel.swift */,
			);
			path = ViewModels;
			sourceTree = "<group>";
		};
		9CC261AA2CB6D6F400C8A763 /* Models */ = {
			isa = PBXGroup;
			children = (
				9CC261AE2CB8201000C8A763 /* Account.swift */,
			);
			path = Models;
			sourceTree = "<group>";
		};
		9CC261AB2CB6D70200C8A763 /* Screens */ = {
			isa = PBXGroup;
			children = (
			);
			path = Screens;
			sourceTree = "<group>";
		};
		9CC261AC2CB6D70800C8A763 /* Views */ = {
			isa = PBXGroup;
			children = (
			);
			path = Views;
			sourceTree = "<group>";
		};
		9CC261AD2CB6D72100C8A763 /* Services */ = {
			isa = PBXGroup;
			children = (
				9CC261B02CB8213600C8A763 /* AccountService.swift */,
			);
			path = Services;
			sourceTree = "<group>";
		};
/* End PBXGroup section */

/* Begin PBXNativeTarget section */
		9CC261742CB6D4A600C8A763 /* BankingApp */ = {
			isa = PBXNativeTarget;
			buildConfigurationList = 9CC261992CB6D4A800C8A763 /* Build configuration list for PBXNativeTarget "BankingApp" */;
			buildPhases = (
				9CC261712CB6D4A600C8A763 /* Sources */,
				9CC261722CB6D4A600C8A763 /* Frameworks */,
				9CC261732CB6D4A600C8A763 /* Resources */,
			);
			buildRules = (
			);
			dependencies = (
			);
			name = BankingApp;
			productName = BankingApp;
			productReference = 9CC261752CB6D4A600C8A763 /* BankingApp.app */;
			productType = "com.apple.product-type.application";
		};
		9CC261842CB6D4A800C8A763 /* BankingAppTests */ = {
			isa = PBXNativeTarget;
			buildConfigurationList = 9CC2619C2CB6D4A800C8A763 /* Build configuration list for PBXNativeTarget "BankingAppTests" */;
			buildPhases = (
				9CC261812CB6D4A800C8A763 /* Sources */,
				9CC261822CB6D4A800C8A763 /* Frameworks */,
				9CC261832CB6D4A800C8A763 /* Resources */,
			);
			buildRules = (
			);
			dependencies = (
				9CC261872CB6D4A800C8A763 /* PBXTargetDependency */,
			);
			name = BankingAppTests;
			productName = BankingAppTests;
			productReference = 9CC261852CB6D4A800C8A763 /* BankingAppTests.xctest */;
			productType = "com.apple.product-type.bundle.unit-test";
		};
		9CC2618E2CB6D4A800C8A763 /* BankingAppUITests */ = {
			isa = PBXNativeTarget;
			buildConfigurationList = 9CC2619F2CB6D4A800C8A763 /* Build configuration list for PBXNativeTarget "BankingAppUITests" */;
			buildPhases = (
				9CC2618B2CB6D4A800C8A763 /* Sources */,
				9CC2618C2CB6D4A800C8A763 /* Frameworks */,
				9CC2618D2CB6D4A800C8A763 /* Resources */,
			);
			buildRules = (
			);
			dependencies = (
				9CC261912CB6D4A800C8A763 /* PBXTargetDependency */,
			);
			name = BankingAppUITests;
			productName = BankingAppUITests;
			productReference = 9CC2618F2CB6D4A800C8A763 /* BankingAppUITests.xctest */;
			productType = "com.apple.product-type.bundle.ui-testing";
		};
/* End PBXNativeTarget section */

/* Begin PBXProject section */
		9CC2616D2CB6D4A600C8A763 /* Project object */ = {
			isa = PBXProject;
			attributes = {
				BuildIndependentTargetsInParallel = 1;
				LastSwiftUpdateCheck = 1410;
				LastUpgradeCheck = 1410;
				TargetAttributes = {
					9CC261742CB6D4A600C8A763 = {
						CreatedOnToolsVersion = 14.1;
					};
					9CC261842CB6D4A800C8A763 = {
						CreatedOnToolsVersion = 14.1;
						TestTargetID = 9CC261742CB6D4A600C8A763;
					};
					9CC2618E2CB6D4A800C8A763 = {
						CreatedOnToolsVersion = 14.1;
						TestTargetID = 9CC261742CB6D4A600C8A763;
					};
				};
			};
			buildConfigurationList = 9CC261702CB6D4A600C8A763 /* Build configuration list for PBXProject "BankingApp" */;
			compatibilityVersion = "Xcode 14.0";
			developmentRegion = en;
			hasScannedForEncodings = 0;
			knownRegions = (
				en,
				Base,
			);
			mainGroup = 9CC2616C2CB6D4A600C8A763;
			productRefGroup = 9CC261762CB6D4A600C8A763 /* Products */;
			projectDirPath = "";
			projectRoot = "";
			targets = (
				9CC261742CB6D4A600C8A763 /* BankingApp */,
				9CC261842CB6D4A800C8A763 /* BankingAppTests */,
				9CC2618E2CB6D4A800C8A763 /* BankingAppUITests */,
			);
		};
/* End PBXProject section */

/* Begin PBXResourcesBuildPhase section */
		9CC261732CB6D4A600C8A763 /* Resources */ = {
			isa = PBXResourcesBuildPhase;
			buildActionMask = 2147483647;
			files = (
				9CC261802CB6D4A800C8A763 /* Preview Assets.xcassets in Resources */,
				9CC2617D2CB6D4A800C8A763 /* Assets.xcassets in Resources */,
			);
			runOnlyForDeploymentPostprocessing = 0;
		};
		9CC261832CB6D4A800C8A763 /* Resources */ = {
			isa = PBXResourcesBuildPhase;
			buildActionMask = 2147483647;
			files = (
			);
			runOnlyForDeploymentPostprocessing = 0;
		};
		9CC2618D2CB6D4A800C8A763 /* Resources */ = {
			isa = PBXResourcesBuildPhase;
			buildActionMask = 2147483647;
			files = (
			);
			runOnlyForDeploymentPostprocessing = 0;
		};
/* End PBXResourcesBuildPhase section */

/* Begin PBXSourcesBuildPhase section */
		9CC261712CB6D4A600C8A763 /* Sources */ = {
			isa = PBXSourcesBuildPhase;
			buildActionMask = 2147483647;
			files = (
				9CC2617B2CB6D4A600C8A763 /* ContentView.swift in Sources */,
				9CC261A72CB6D58D00C8A763 /* URL+Extensions.swift in Sources */,
				9CC261A52CB6D51100C8A763 /* View+Extensions.swift in Sources */,
				9CC261792CB6D4A600C8A763 /* BankingAppApp.swift in Sources */,
				9CC261B12CB8213600C8A763 /* AccountService.swift in Sources */,
				9CC261A92CB6D61400C8A763 /* Double+Extensions.swift in Sources */,
				9CC261AF2CB8201000C8A763 /* Account.swift in Sources */,
				9CC261B32CB8238B00C8A763 /* AccountSummaryViewModel.swift in Sources */,
			);
			runOnlyForDeploymentPostprocessing = 0;
		};
		9CC261812CB6D4A800C8A763 /* Sources */ = {
			isa = PBXSourcesBuildPhase;
			buildActionMask = 2147483647;
			files = (
				9CC2618A2CB6D4A800C8A763 /* BankingAppTests.swift in Sources */,
			);
			runOnlyForDeploymentPostprocessing = 0;
		};
		9CC2618B2CB6D4A800C8A763 /* Sources */ = {
			isa = PBXSourcesBuildPhase;
			buildActionMask = 2147483647;
			files = (
				9CC261942CB6D4A800C8A763 /* BankingAppUITests.swift in Sources */,
				9CC261962CB6D4A800C8A763 /* BankingAppUITestsLaunchTests.swift in Sources */,
			);
			runOnlyForDeploymentPostprocessing = 0;
		};
/* End PBXSourcesBuildPhase section */

/* Begin PBXTargetDependency section */
		9CC261872CB6D4A800C8A763 /* PBXTargetDependency */ = {
			isa = PBXTargetDependency;
			target = 9CC261742CB6D4A600C8A763 /* BankingApp */;
			targetProxy = 9CC261862CB6D4A800C8A763 /* PBXContainerItemProxy */;
		};
		9CC261912CB6D4A800C8A763 /* PBXTargetDependency */ = {
			isa = PBXTargetDependency;
			target = 9CC261742CB6D4A600C8A763 /* BankingApp */;
			targetProxy = 9CC261902CB6D4A800C8A763 /* PBXContainerItemProxy */;
		};
/* End PBXTargetDependency section */

/* Begin XCBuildConfiguration section */
		9CC261972CB6D4A800C8A763 /* Debug */ = {
			isa = XCBuildConfiguration;
			buildSettings = {
				ALWAYS_SEARCH_USER_PATHS = NO;
				CLANG_ANALYZER_NONNULL = YES;
				CLANG_ANALYZER_NUMBER_OBJECT_CONVERSION = YES_AGGRESSIVE;
				CLANG_CXX_LANGUAGE_STANDARD = "gnu++20";
				CLANG_ENABLE_MODULES = YES;
				CLANG_ENABLE_OBJC_ARC = YES;
				CLANG_ENABLE_OBJC_WEAK = YES;
				CLANG_WARN_BLOCK_CAPTURE_AUTORELEASING = YES;
				CLANG_WARN_BOOL_CONVERSION = YES;
				CLANG_WARN_COMMA = YES;
				CLANG_WARN_CONSTANT_CONVERSION = YES;
				CLANG_WARN_DEPRECATED_OBJC_IMPLEMENTATIONS = YES;
				CLANG_WARN_DIRECT_OBJC_ISA_USAGE = YES_ERROR;
				CLANG_WARN_DOCUMENTATION_COMMENTS = YES;
				CLANG_WARN_EMPTY_BODY = YES;
				CLANG_WARN_ENUM_CONVERSION = YES;
				CLANG_WARN_INFINITE_RECURSION = YES;
				CLANG_WARN_INT_CONVERSION = YES;
				CLANG_WARN_NON_LITERAL_NULL_CONVERSION = YES;
				CLANG_WARN_OBJC_IMPLICIT_RETAIN_SELF = YES;
				CLANG_WARN_OBJC_LITERAL_CONVERSION = YES;
				CLANG_WARN_OBJC_ROOT_CLASS = YES_ERROR;
				CLANG_WARN_QUOTED_INCLUDE_IN_FRAMEWORK_HEADER = YES;
				CLANG_WARN_RANGE_LOOP_ANALYSIS = YES;
				CLANG_WARN_STRICT_PROTOTYPES = YES;
				CLANG_WARN_SUSPICIOUS_MOVE = YES;
				CLANG_WARN_UNGUARDED_AVAILABILITY = YES_AGGRESSIVE;
				CLANG_WARN_UNREACHABLE_CODE = YES;
				CLANG_WARN__DUPLICATE_METHOD_MATCH = YES;
				COPY_PHASE_STRIP = NO;
				DEBUG_INFORMATION_FORMAT = dwarf;
				ENABLE_STRICT_OBJC_MSGSEND = YES;
				ENABLE_TESTABILITY = YES;
				GCC_C_LANGUAGE_STANDARD = gnu11;
				GCC_DYNAMIC_NO_PIC = NO;
				GCC_NO_COMMON_BLOCKS = YES;
				GCC_OPTIMIZATION_LEVEL = 0;
				GCC_PREPROCESSOR_DEFINITIONS = (
					"DEBUG=1",
					"$(inherited)",
				);
				GCC_WARN_64_TO_32_BIT_CONVERSION = YES;
				GCC_WARN_ABOUT_RETURN_TYPE = YES_ERROR;
				GCC_WARN_UNDECLARED_SELECTOR = YES;
				GCC_WARN_UNINITIALIZED_AUTOS = YES_AGGRESSIVE;
				GCC_WARN_UNUSED_FUNCTION = YES;
				GCC_WARN_UNUSED_VARIABLE = YES;
				IPHONEOS_DEPLOYMENT_TARGET = 16.1;
				MTL_ENABLE_DEBUG_INFO = INCLUDE_SOURCE;
				MTL_FAST_MATH = YES;
				ONLY_ACTIVE_ARCH = YES;
				SDKROOT = iphoneos;
				SWIFT_ACTIVE_COMPILATION_CONDITIONS = DEBUG;
				SWIFT_OPTIMIZATION_LEVEL = "-Onone";
			};
			name = Debug;
		};
		9CC261982CB6D4A800C8A763 /* Release */ = {
			isa = XCBuildConfiguration;
			buildSettings = {
				ALWAYS_SEARCH_USER_PATHS = NO;
				CLANG_ANALYZER_NONNULL = YES;
				CLANG_ANALYZER_NUMBER_OBJECT_CONVERSION = YES_AGGRESSIVE;
				CLANG_CXX_LANGUAGE_STANDARD = "gnu++20";
				CLANG_ENABLE_MODULES = YES;
				CLANG_ENABLE_OBJC_ARC = YES;
				CLANG_ENABLE_OBJC_WEAK = YES;
				CLANG_WARN_BLOCK_CAPTURE_AUTORELEASING = YES;
				CLANG_WARN_BOOL_CONVERSION = YES;
				CLANG_WARN_COMMA = YES;
				CLANG_WARN_CONSTANT_CONVERSION = YES;
				CLANG_WARN_DEPRECATED_OBJC_IMPLEMENTATIONS = YES;
				CLANG_WARN_DIRECT_OBJC_ISA_USAGE = YES_ERROR;
				CLANG_WARN_DOCUMENTATION_COMMENTS = YES;
				CLANG_WARN_EMPTY_BODY = YES;
				CLANG_WARN_ENUM_CONVERSION = YES;
				CLANG_WARN_INFINITE_RECURSION = YES;
				CLANG_WARN_INT_CONVERSION = YES;
				CLANG_WARN_NON_LITERAL_NULL_CONVERSION = YES;
				CLANG_WARN_OBJC_IMPLICIT_RETAIN_SELF = YES;
				CLANG_WARN_OBJC_LITERAL_CONVERSION = YES;
				CLANG_WARN_OBJC_ROOT_CLASS = YES_ERROR;
				CLANG_WARN_QUOTED_INCLUDE_IN_FRAMEWORK_HEADER = YES;
				CLANG_WARN_RANGE_LOOP_ANALYSIS = YES;
				CLANG_WARN_STRICT_PROTOTYPES = YES;
				CLANG_WARN_SUSPICIOUS_MOVE = YES;
				CLANG_WARN_UNGUARDED_AVAILABILITY = YES_AGGRESSIVE;
				CLANG_WARN_UNREACHABLE_CODE = YES;
				CLANG_WARN__DUPLICATE_METHOD_MATCH = YES;
				COPY_PHASE_STRIP = NO;
				DEBUG_INFORMATION_FORMAT = "dwarf-with-dsym";
				ENABLE_NS_ASSERTIONS = NO;
				ENABLE_STRICT_OBJC_MSGSEND = YES;
				GCC_C_LANGUAGE_STANDARD = gnu11;
				GCC_NO_COMMON_BLOCKS = YES;
				GCC_WARN_64_TO_32_BIT_CONVERSION = YES;
				GCC_WARN_ABOUT_RETURN_TYPE = YES_ERROR;
				GCC_WARN_UNDECLARED_SELECTOR = YES;
				GCC_WARN_UNINITIALIZED_AUTOS = YES_AGGRESSIVE;
				GCC_WARN_UNUSED_FUNCTION = YES;
				GCC_WARN_UNUSED_VARIABLE = YES;
				IPHONEOS_DEPLOYMENT_TARGET = 16.1;
				MTL_ENABLE_DEBUG_INFO = NO;
				MTL_FAST_MATH = YES;
				SDKROOT = iphoneos;
				SWIFT_COMPILATION_MODE = wholemodule;
				SWIFT_OPTIMIZATION_LEVEL = "-O";
				VALIDATE_PRODUCT = YES;
			};
			name = Release;
		};
		9CC2619A2CB6D4A800C8A763 /* Debug */ = {
			isa = XCBuildConfiguration;
			buildSettings = {
				ASSETCATALOG_COMPILER_APPICON_NAME = AppIcon;
				ASSETCATALOG_COMPILER_GLOBAL_ACCENT_COLOR_NAME = AccentColor;
				CODE_SIGN_STYLE = Automatic;
				CURRENT_PROJECT_VERSION = 1;
				DEVELOPMENT_ASSET_PATHS = "\"BankingApp/Preview Content\"";
				ENABLE_PREVIEWS = YES;
				GENERATE_INFOPLIST_FILE = YES;
				INFOPLIST_KEY_UIApplicationSceneManifest_Generation = YES;
				INFOPLIST_KEY_UIApplicationSupportsIndirectInputEvents = YES;
				INFOPLIST_KEY_UILaunchScreen_Generation = YES;
				INFOPLIST_KEY_UISupportedInterfaceOrientations_iPad = "UIInterfaceOrientationPortrait UIInterfaceOrientationPortraitUpsideDown UIInterfaceOrientationLandscapeLeft UIInterfaceOrientationLandscapeRight";
				INFOPLIST_KEY_UISupportedInterfaceOrientations_iPhone = "UIInterfaceOrientationPortrait UIInterfaceOrientationLandscapeLeft UIInterfaceOrientationLandscapeRight";
				LD_RUNPATH_SEARCH_PATHS = (
					"$(inherited)",
					"@executable_path/Frameworks",
				);
				MARKETING_VERSION = 1.0;
				PRODUCT_BUNDLE_IDENTIFIER = com.swift.BankingApp;
				PRODUCT_NAME = "$(TARGET_NAME)";
				SWIFT_EMIT_LOC_STRINGS = YES;
				SWIFT_VERSION = 5.0;
				TARGETED_DEVICE_FAMILY = "1,2";
			};
			name = Debug;
		};
		9CC2619B2CB6D4A800C8A763 /* Release */ = {
			isa = XCBuildConfiguration;
			buildSettings = {
				ASSETCATALOG_COMPILER_APPICON_NAME = AppIcon;
				ASSETCATALOG_COMPILER_GLOBAL_ACCENT_COLOR_NAME = AccentColor;
				CODE_SIGN_STYLE = Automatic;
				CURRENT_PROJECT_VERSION = 1;
				DEVELOPMENT_ASSET_PATHS = "\"BankingApp/Preview Content\"";
				ENABLE_PREVIEWS = YES;
				GENERATE_INFOPLIST_FILE = YES;
				INFOPLIST_KEY_UIApplicationSceneManifest_Generation = YES;
				INFOPLIST_KEY_UIApplicationSupportsIndirectInputEvents = YES;
				INFOPLIST_KEY_UILaunchScreen_Generation = YES;
				INFOPLIST_KEY_UISupportedInterfaceOrientations_iPad = "UIInterfaceOrientationPortrait UIInterfaceOrientationPortraitUpsideDown UIInterfaceOrientationLandscapeLeft UIInterfaceOrientationLandscapeRight";
				INFOPLIST_KEY_UISupportedInterfaceOrientations_iPhone = "UIInterfaceOrientationPortrait UIInterfaceOrientationLandscapeLeft UIInterfaceOrientationLandscapeRight";
				LD_RUNPATH_SEARCH_PATHS = (
					"$(inherited)",
					"@executable_path/Frameworks",
				);
				MARKETING_VERSION = 1.0;
				PRODUCT_BUNDLE_IDENTIFIER = com.swift.BankingApp;
				PRODUCT_NAME = "$(TARGET_NAME)";
				SWIFT_EMIT_LOC_STRINGS = YES;
				SWIFT_VERSION = 5.0;
				TARGETED_DEVICE_FAMILY = "1,2";
			};
			name = Release;
		};
		9CC2619D2CB6D4A800C8A763 /* Debug */ = {
			isa = XCBuildConfiguration;
			buildSettings = {
				ALWAYS_EMBED_SWIFT_STANDARD_LIBRARIES = YES;
				BUNDLE_LOADER = "$(TEST_HOST)";
				CODE_SIGN_STYLE = Automatic;
				CURRENT_PROJECT_VERSION = 1;
				GENERATE_INFOPLIST_FILE = YES;
				IPHONEOS_DEPLOYMENT_TARGET = 16.1;
				MARKETING_VERSION = 1.0;
				PRODUCT_BUNDLE_IDENTIFIER = com.swift.BankingAppTests;
				PRODUCT_NAME = "$(TARGET_NAME)";
				SWIFT_EMIT_LOC_STRINGS = NO;
				SWIFT_VERSION = 5.0;
				TARGETED_DEVICE_FAMILY = "1,2";
				TEST_HOST = "$(BUILT_PRODUCTS_DIR)/BankingApp.app/$(BUNDLE_EXECUTABLE_FOLDER_PATH)/BankingApp";
			};
			name = Debug;
		};
		9CC2619E2CB6D4A800C8A763 /* Release */ = {
			isa = XCBuildConfiguration;
			buildSettings = {
				ALWAYS_EMBED_SWIFT_STANDARD_LIBRARIES = YES;
				BUNDLE_LOADER = "$(TEST_HOST)";
				CODE_SIGN_STYLE = Automatic;
				CURRENT_PROJECT_VERSION = 1;
				GENERATE_INFOPLIST_FILE = YES;
				IPHONEOS_DEPLOYMENT_TARGET = 16.1;
				MARKETING_VERSION = 1.0;
				PRODUCT_BUNDLE_IDENTIFIER = com.swift.BankingAppTests;
				PRODUCT_NAME = "$(TARGET_NAME)";
				SWIFT_EMIT_LOC_STRINGS = NO;
				SWIFT_VERSION = 5.0;
				TARGETED_DEVICE_FAMILY = "1,2";
				TEST_HOST = "$(BUILT_PRODUCTS_DIR)/BankingApp.app/$(BUNDLE_EXECUTABLE_FOLDER_PATH)/BankingApp";
			};
			name = Release;
		};
		9CC261A02CB6D4A800C8A763 /* Debug */ = {
			isa = XCBuildConfiguration;
			buildSettings = {
				ALWAYS_EMBED_SWIFT_STANDARD_LIBRARIES = YES;
				CODE_SIGN_STYLE = Automatic;
				CURRENT_PROJECT_VERSION = 1;
				GENERATE_INFOPLIST_FILE = YES;
				MARKETING_VERSION = 1.0;
				PRODUCT_BUNDLE_IDENTIFIER = com.swift.BankingAppUITests;
				PRODUCT_NAME = "$(TARGET_NAME)";
				SWIFT_EMIT_LOC_STRINGS = NO;
				SWIFT_VERSION = 5.0;
				TARGETED_DEVICE_FAMILY = "1,2";
				TEST_TARGET_NAME = BankingApp;
			};
			name = Debug;
		};
		9CC261A12CB6D4A800C8A763 /* Release */ = {
			isa = XCBuildConfiguration;
			buildSettings = {
				ALWAYS_EMBED_SWIFT_STANDARD_LIBRARIES = YES;
				CODE_SIGN_STYLE = Automatic;
				CURRENT_PROJECT_VERSION = 1;
				GENERATE_INFOPLIST_FILE = YES;
				MARKETING_VERSION = 1.0;
				PRODUCT_BUNDLE_IDENTIFIER = com.swift.BankingAppUITests;
				PRODUCT_NAME = "$(TARGET_NAME)";
				SWIFT_EMIT_LOC_STRINGS = NO;
				SWIFT_VERSION = 5.0;
				TARGETED_DEVICE_FAMILY = "1,2";
				TEST_TARGET_NAME = BankingApp;
			};
			name = Release;
		};
/* End XCBuildConfiguration section */

/* Begin XCConfigurationList section */
		9CC261702CB6D4A600C8A763 /* Build configuration list for PBXProject "BankingApp" */ = {
			isa = XCConfigurationList;
			buildConfigurations = (
				9CC261972CB6D4A800C8A763 /* Debug */,
				9CC261982CB6D4A800C8A763 /* Release */,
			);
			defaultConfigurationIsVisible = 0;
			defaultConfigurationName = Release;
		};
		9CC261992CB6D4A800C8A763 /* Build configuration list for PBXNativeTarget "BankingApp" */ = {
			isa = XCConfigurationList;
			buildConfigurations = (
				9CC2619A2CB6D4A800C8A763 /* Debug */,
				9CC2619B2CB6D4A800C8A763 /* Release */,
			);
			defaultConfigurationIsVisible = 0;
			defaultConfigurationName = Release;
		};
		9CC2619C2CB6D4A800C8A763 /* Build configuration list for PBXNativeTarget "BankingAppTests" */ = {
			isa = XCConfigurationList;
			buildConfigurations = (
				9CC2619D2CB6D4A800C8A763 /* Debug */,
				9CC2619E2CB6D4A800C8A763 /* Release */,
			);
			defaultConfigurationIsVisible = 0;
			defaultConfigurationName = Release;
		};
		9CC2619F2CB6D4A800C8A763 /* Build configuration list for PBXNativeTarget "BankingAppUITests" */ = {
			isa = XCConfigurationList;
			buildConfigurations = (
				9CC261A02CB6D4A800C8A763 /* Debug */,
				9CC261A12CB6D4A800C8A763 /* Release */,
			);
			defaultConfigurationIsVisible = 0;
			defaultConfigurationName = Release;
		};
/* End XCConfigurationList section */
	};
	rootObject = 9CC2616D2CB6D4A600C8A763 /* Project object */;
}
